github.com/HasinduLanka/console v0.0.0-20220224072705-ae597c19be18 h1:5ivBixv3xcL4fwDUT+DWM5gLBJa+1lKwekweL22ZdN0=
github.com/HasinduLanka/console v0.0.0-20220224072705-ae597c19be18/go.mod h1:jXRPuXQ/DZxpvEKX+1kLl0oYzSvKFK2Dw/HPWXBI7Yc=
github.com/HasinduLanka/console v0.0.0-20220224073225-12a57540925a h1:EO0elOR4xYelbZPM5TEZ8xKeETHeSLR7JWlZdIsX744=
github.com/HasinduLanka/console v0.0.0-20220224073225-12a57540925a/go.mod h1:jXRPuXQ/DZxpvEKX+1kLl0oYzSvKFK2Dw/HPWXBI7Yc=
github.com/HasinduLanka/console v0.0.0-20220224073932-c174bb10b02c h1:A/kZEMunJRxBebxaQUCb0uq6VR3YMryDnWQFhlidq3A=
github.com/HasinduLanka/console v0.0.0-20220224073932-c174bb10b02c/go.mod h1:jXRPuXQ/DZxpvEKX+1kLl0oYzSvKFK2Dw/HPWXBI7Yc=
github.com/HasinduLanka/console v0.0.0-20220224080753-cb8dc05c88b4 h1:UWBD6a4uP5+1cLQTOadGu0c9UkFz2z3U6UKOHmfExSY=
github.com/HasinduLanka/console v0.0.0-20220224080753-cb8dc05c88b4/go.mod h1:jXRPuXQ/DZxpvEKX+1kLl0oYzSvKFK2Dw/HPWXBI7Yc=
github.com/HasinduLanka/console v0.0.0-20220224081604-28d5dd9dc2f0 h1:c2fOK1y7HCUPa34GmfyB4nFk5MPyPxLR3i/hM5toQh8=
github.com/HasinduLanka/console v0.0.0-20220224081604-28d5dd9dc2f0/go.mod h1:jXRPuXQ/DZxpvEKX+1kLl0oYzSvKFK2Dw/HPWXBI7Yc=
github.com/HasinduLanka/console v0.0.0-20220224082325-35054a37f4d6 h1:6LrC74PNkM+0pLR4f5GexnVs+lFAoFGtGZVrWFfzigw=
github.com/HasinduLanka/console v0.0.0-20220224082325-35054a37f4d6/go.mod h1:jXRPuXQ/DZxpvEKX+1kLl0oYzSvKFK2Dw/HPWXBI7Yc=
github.com/HasinduLanka/console v0.0.0-20220224082819-f2767aa84665 h1:dOojiV1+nP2ycEBVQv4lIIoA93lQyvfUh1GuZnBZCpc=
github.com/HasinduLanka/console v0.0.0-20220224082819-f2767aa84665/go.mod h1:jXRPuXQ/DZxpvEKX+1kLl0oYzSvKFK2Dw/HPWXBI7Yc=
github.com/HasinduLanka/console v1.0.0 h1:lUWc4fPNo9vts8Bu1IoEk2NwNJFMgZYBt7BEtdba0wY=
github.com/HasinduLanka/console v1.0.0/go.mod h1:jXRPuXQ/DZxpvEKX+1kLl0oYzSvKFK2Dw/HPWXBI7Yc=
